
Microsoft Visual Studio Solution File, Format Version 12.00
# Visual Studio Version 17
VisualStudioVersion = 17.2.32616.157
MinimumVisualStudioVersion = 10.0.40219.1
Project("{FAE04EC0-301F-11D3-BF4B-00C04F79EFBC}") = "Peliculas_Cine.Server", "Peliculas_Cine\Server\Peliculas_Cine.Server.csproj", "{F4219D24-E7FA-4DCA-A686-7887EAC75B6A}"
EndProject
Project("{FAE04EC0-301F-11D3-BF4B-00C04F79EFBC}") = "Peliculas_Cine.Client", "Peliculas_Cine\Client\Peliculas_Cine.Client.csproj", "{1C691C3B-5383-4F02-A6C8-A5C2873691A1}"
EndProject
Project("{FAE04EC0-301F-11D3-BF4B-00C04F79EFBC}") = "Peliculas_Cine.Shared", "Peliculas_Cine\Shared\Peliculas_Cine.Shared.csproj", "{C8B38D8E-9D58-48D3-8836-15A358FFF278}"
EndProject
Global
	GlobalSection(SolutionConfigurationPlatforms) = preSolution
		Debug|Any CPU = Debug|Any CPU
		Release|Any CPU = Release|Any CPU
	EndGlobalSection
	GlobalSection(ProjectConfigurationPlatforms) = postSolution
		{F4219D24-E7FA-4DCA-A686-7887EAC75B6A}.Debug|Any CPU.ActiveCfg = Debug|Any CPU
		{F4219D24-E7FA-4DCA-A686-7887EAC75B6A}.Debug|Any CPU.Build.0 = Debug|Any CPU
		{F4219D24-E7FA-4DCA-A686-7887EAC75B6A}.Release|Any CPU.ActiveCfg = Release|Any CPU
		{F4219D24-E7FA-4DCA-A686-7887EAC75B6A}.Release|Any CPU.Build.0 = Release|Any CPU
		{1C691C3B-5383-4F02-A6C8-A5C2873691A1}.Debug|Any CPU.ActiveCfg = Debug|Any CPU
		{1C691C3B-5383-4F02-A6C8-A5C2873691A1}.Debug|Any CPU.Build.0 = Debug|Any CPU
		{1C691C3B-5383-4F02-A6C8-A5C2873691A1}.Release|Any CPU.ActiveCfg = Release|Any CPU
		{1C691C3B-5383-4F02-A6C8-A5C2873691A1}.Release|Any CPU.Build.0 = Release|Any CPU
		{C8B38D8E-9D58-48D3-8836-15A358FFF278}.Debug|Any CPU.ActiveCfg = Debug|Any CPU
		{C8B38D8E-9D58-48D3-8836-15A358FFF278}.Debug|Any CPU.Build.0 = Debug|Any CPU
		{C8B38D8E-9D58-48D3-8836-15A358FFF278}.Release|Any CPU.ActiveCfg = Release|Any CPU
		{C8B38D8E-9D58-48D3-8836-15A358FFF278}.Release|Any CPU.Build.0 = Release|Any CPU
	EndGlobalSection
	GlobalSection(SolutionProperties) = preSolution
		HideSolutionNode = FALSE
	EndGlobalSection
	GlobalSection(ExtensibilityGlobals) = postSolution
		SolutionGuid = {D9010647-48EF-47E8-AD21-1D9255A14272}
	EndGlobalSection
EndGlobal
